# This file is automatically @generated by Poetry 1.5.1 and should not be changed by hand.

[[package]]
name = "atlastk"
version = "0.13.2"
description = "The quick and easy way to add versatile graphical interfaces and networking capabilities to your Python programs. Works even on your Android smartphone or tablet."
optional = false
python-versions = "*"
files = [
    {file = "atlastk-0.13.2-py3-none-any.whl", hash = "sha256:387c3b644a8145e6efd1cf9ff7add9226743571420ce6218cae34ca62ed9c833"},
    {file = "atlastk-0.13.2.tar.gz", hash = "sha256:1e805658930f2546fbedddd406ff27028f772b2ceb104887cc54ba1ab34ffad8"},
]

[[package]]
name = "tortoise"
version = "0.1.1"
description = "Turtle graphics on the web."
optional = false
python-versions = "*"
files = [
    {file = "tortoise-0.1.1-py3-none-any.whl", hash = "sha256:bcb58a56d6796cad0db330104450df2caf2ea9e98d844bb2906274bd15c12804"},
    {file = "tortoise-0.1.1.tar.gz", hash = "sha256:a4ebd69b152d266174b3b0f2a22e3fb8995101eb749d3114813a98f405ab10bb"},
]

[package.dependencies]
atlastk = "*"

[metadata]
lock-version = "2.0"
python-versions = "^3.11"
content-hash = "74f057a9f1408e004ccda9a7e6ba4d8978ab55f9eea195f1c6ce20bd338df111"
